
Microsoft Visual Studio Solution File, Format Version 12.00
# Visual Studio 2013
VisualStudioVersion = 12.0.31101.0
MinimumVisualStudioVersion = 10.0.40219.1
Project("{FAE04EC0-301F-11D3-BF4B-00C04F79EFBC}") = "Econophysics", "Econophysics\Econophysics.csproj", "{8840B2E5-F077-4E7B-B956-3A653E1F77DF}"
EndProject
Project("{FAE04EC0-301F-11D3-BF4B-00C04F79EFBC}") = "Interface", "Interface\Interface.csproj", "{4875E127-449A-4795-90FE-82E04C57963C}"
EndProject
Project("{2150E333-8FDC-42A3-9474-1A3956D46DE8}") = "Database", "Database", "{A3E459A2-7E7D-4C50-BC01-AF6030467CA1}"
	ProjectSection(SolutionItems) = preProject
		Deploy\DeleteAllEntry.sql = Deploy\DeleteAllEntry.sql
		Deploy\DropDatebase.sql = Deploy\DropDatebase.sql
		Deploy\InitialDatabase.sql = Deploy\InitialDatabase.sql
	EndProjectSection
EndProject
Project("{FAE04EC0-301F-11D3-BF4B-00C04F79EFBC}") = "ExtractData", "ExtractData\ExtractData.csproj", "{63A772FD-7F66-4AD7-AB17-0446D65AC8C0}"
	ProjectSection(ProjectDependencies) = postProject
		{8840B2E5-F077-4E7B-B956-3A653E1F77DF} = {8840B2E5-F077-4E7B-B956-3A653E1F77DF}
	EndProjectSection
EndProject
Project("{FAE04EC0-301F-11D3-BF4B-00C04F79EFBC}") = "Test", "Test\Test.csproj", "{5B1F3D3D-9A02-4040-A2F0-7E207345595B}"
EndProject
Project("{2150E333-8FDC-42A3-9474-1A3956D46DE8}") = "ReadMe", "ReadMe", "{443BCC4A-34CA-4ADA-8EEE-3F31909DECE8}"
	ProjectSection(SolutionItems) = preProject
		ReadMe.md = ReadMe.md
		TODO.MD = TODO.MD
	EndProjectSection
EndProject
Project("{FAE04EC0-301F-11D3-BF4B-00C04F79EFBC}") = "AI", "AI\AI.csproj", "{6CFFF780-85DC-4F1A-AD1E-56CBBDBBE867}"
EndProject
Global
	GlobalSection(SolutionConfigurationPlatforms) = preSolution
		Debug|Any CPU = Debug|Any CPU
		Release|Any CPU = Release|Any CPU
	EndGlobalSection
	GlobalSection(ProjectConfigurationPlatforms) = postSolution
		{8840B2E5-F077-4E7B-B956-3A653E1F77DF}.Debug|Any CPU.ActiveCfg = Debug|Any CPU
		{8840B2E5-F077-4E7B-B956-3A653E1F77DF}.Debug|Any CPU.Build.0 = Debug|Any CPU
		{8840B2E5-F077-4E7B-B956-3A653E1F77DF}.Release|Any CPU.ActiveCfg = Release|Any CPU
		{8840B2E5-F077-4E7B-B956-3A653E1F77DF}.Release|Any CPU.Build.0 = Release|Any CPU
		{4875E127-449A-4795-90FE-82E04C57963C}.Debug|Any CPU.ActiveCfg = Debug|Any CPU
		{4875E127-449A-4795-90FE-82E04C57963C}.Debug|Any CPU.Build.0 = Debug|Any CPU
		{4875E127-449A-4795-90FE-82E04C57963C}.Release|Any CPU.ActiveCfg = Release|Any CPU
		{4875E127-449A-4795-90FE-82E04C57963C}.Release|Any CPU.Build.0 = Release|Any CPU
		{63A772FD-7F66-4AD7-AB17-0446D65AC8C0}.Debug|Any CPU.ActiveCfg = Debug|Any CPU
		{63A772FD-7F66-4AD7-AB17-0446D65AC8C0}.Debug|Any CPU.Build.0 = Debug|Any CPU
		{63A772FD-7F66-4AD7-AB17-0446D65AC8C0}.Release|Any CPU.ActiveCfg = Release|Any CPU
		{63A772FD-7F66-4AD7-AB17-0446D65AC8C0}.Release|Any CPU.Build.0 = Release|Any CPU
		{5B1F3D3D-9A02-4040-A2F0-7E207345595B}.Debug|Any CPU.ActiveCfg = Debug|Any CPU
		{5B1F3D3D-9A02-4040-A2F0-7E207345595B}.Debug|Any CPU.Build.0 = Debug|Any CPU
		{5B1F3D3D-9A02-4040-A2F0-7E207345595B}.Release|Any CPU.ActiveCfg = Release|Any CPU
		{5B1F3D3D-9A02-4040-A2F0-7E207345595B}.Release|Any CPU.Build.0 = Release|Any CPU
		{6CFFF780-85DC-4F1A-AD1E-56CBBDBBE867}.Debug|Any CPU.ActiveCfg = Debug|Any CPU
		{6CFFF780-85DC-4F1A-AD1E-56CBBDBBE867}.Debug|Any CPU.Build.0 = Debug|Any CPU
		{6CFFF780-85DC-4F1A-AD1E-56CBBDBBE867}.Release|Any CPU.ActiveCfg = Release|Any CPU
		{6CFFF780-85DC-4F1A-AD1E-56CBBDBBE867}.Release|Any CPU.Build.0 = Release|Any CPU
	EndGlobalSection
	GlobalSection(SolutionProperties) = preSolution
		HideSolutionNode = FALSE
	EndGlobalSection
EndGlobal
