
Microsoft Visual Studio Solution File, Format Version 12.00
# Visual Studio 2013
VisualStudioVersion = 12.0.31101.0
MinimumVisualStudioVersion = 10.0.40219.1
Project("{FAE04EC0-301F-11D3-BF4B-00C04F79EFBC}") = "Econophysics", "Econophysics\Econophysics.csproj", "{8840B2E5-F077-4E7B-B956-3A653E1F77DF}"
EndProject
Project("{FAE04EC0-301F-11D3-BF4B-00C04F79EFBC}") = "Interface", "Interface\Interface.csproj", "{4875E127-449A-4795-90FE-82E04C57963C}"
EndProject
Project("{2150E333-8FDC-42A3-9474-1A3956D46DE8}") = "Database", "Database", "{A3E459A2-7E7D-4C50-BC01-AF6030467CA1}"
	ProjectSection(SolutionItems) = preProject
		Database\libmysql.dll = Database\libmysql.dll
		Database\Main.m = Database\Main.m
		Database\MyScript.m = Database\MyScript.m
		Database\mysql.cpp = Database\mysql.cpp
		Database\mysql.m = Database\mysql.m
		Database\mysql.mexw64 = Database\mysql.mexw64
	EndProjectSection
EndProject
Project("{2150E333-8FDC-42A3-9474-1A3956D46DE8}") = "ReadMe", "ReadMe", "{443BCC4A-34CA-4ADA-8EEE-3F31909DECE8}"
	ProjectSection(SolutionItems) = preProject
		ReadMe.md = ReadMe.md
		TODO.MD = TODO.MD
	EndProjectSection
EndProject
Project("{2150E333-8FDC-42A3-9474-1A3956D46DE8}") = "Initial", "Initial", "{65CE1AE3-285A-4BC0-AB08-AA06398A8E3E}"
	ProjectSection(SolutionItems) = preProject
		Database\Initial\DeleteAllEntry.sql = Database\Initial\DeleteAllEntry.sql
		Database\Initial\DropDatebase.sql = Database\Initial\DropDatebase.sql
		Database\Initial\InitialDatabase.sql = Database\Initial\InitialDatabase.sql
	EndProjectSection
EndProject
Project("{2150E333-8FDC-42A3-9474-1A3956D46DE8}") = "Data", "Data", "{9158B1C5-B0F7-4CAA-BB6B-A7036610F409}"
	ProjectSection(SolutionItems) = preProject
		Database\Data\AutoCorrelation.m = Database\Data\AutoCorrelation.m
		Database\Data\ExtractData.m = Database\Data\ExtractData.m
		Database\Data\Leverage.m = Database\Data\Leverage.m
		Database\Data\PDF.m = Database\Data\PDF.m
		Database\Data\Returns.m = Database\Data\Returns.m
		Database\Data\Verify.m = Database\Data\Verify.m
	EndProjectSection
EndProject
Global
	GlobalSection(SolutionConfigurationPlatforms) = preSolution
		Debug|Any CPU = Debug|Any CPU
		Release|Any CPU = Release|Any CPU
	EndGlobalSection
	GlobalSection(ProjectConfigurationPlatforms) = postSolution
		{8840B2E5-F077-4E7B-B956-3A653E1F77DF}.Debug|Any CPU.ActiveCfg = Debug|Any CPU
		{8840B2E5-F077-4E7B-B956-3A653E1F77DF}.Debug|Any CPU.Build.0 = Debug|Any CPU
		{8840B2E5-F077-4E7B-B956-3A653E1F77DF}.Release|Any CPU.ActiveCfg = Release|Any CPU
		{8840B2E5-F077-4E7B-B956-3A653E1F77DF}.Release|Any CPU.Build.0 = Release|Any CPU
		{4875E127-449A-4795-90FE-82E04C57963C}.Debug|Any CPU.ActiveCfg = Debug|Any CPU
		{4875E127-449A-4795-90FE-82E04C57963C}.Debug|Any CPU.Build.0 = Debug|Any CPU
		{4875E127-449A-4795-90FE-82E04C57963C}.Release|Any CPU.ActiveCfg = Release|Any CPU
		{4875E127-449A-4795-90FE-82E04C57963C}.Release|Any CPU.Build.0 = Release|Any CPU
	EndGlobalSection
	GlobalSection(SolutionProperties) = preSolution
		HideSolutionNode = FALSE
	EndGlobalSection
	GlobalSection(NestedProjects) = preSolution
		{65CE1AE3-285A-4BC0-AB08-AA06398A8E3E} = {A3E459A2-7E7D-4C50-BC01-AF6030467CA1}
		{9158B1C5-B0F7-4CAA-BB6B-A7036610F409} = {A3E459A2-7E7D-4C50-BC01-AF6030467CA1}
	EndGlobalSection
EndGlobal
