
Microsoft Visual Studio Solution File, Format Version 12.00
# Visual Studio 2013
VisualStudioVersion = 12.0.31101.0
MinimumVisualStudioVersion = 10.0.40219.1
Project("{FAE04EC0-301F-11D3-BF4B-00C04F79EFBC}") = "Econophysics", "Econophysics\Econophysics.csproj", "{8840B2E5-F077-4E7B-B956-3A653E1F77DF}"
EndProject
Project("{FAE04EC0-301F-11D3-BF4B-00C04F79EFBC}") = "Interface", "Interface\Interface.csproj", "{4875E127-449A-4795-90FE-82E04C57963C}"
EndProject
Global
	GlobalSection(SolutionConfigurationPlatforms) = preSolution
		Debug|Any CPU = Debug|Any CPU
		Release|Any CPU = Release|Any CPU
	EndGlobalSection
	GlobalSection(ProjectConfigurationPlatforms) = postSolution
		{8840B2E5-F077-4E7B-B956-3A653E1F77DF}.Debug|Any CPU.ActiveCfg = Debug|Any CPU
		{8840B2E5-F077-4E7B-B956-3A653E1F77DF}.Debug|Any CPU.Build.0 = Debug|Any CPU
		{8840B2E5-F077-4E7B-B956-3A653E1F77DF}.Release|Any CPU.ActiveCfg = Release|Any CPU
		{8840B2E5-F077-4E7B-B956-3A653E1F77DF}.Release|Any CPU.Build.0 = Release|Any CPU
		{4875E127-449A-4795-90FE-82E04C57963C}.Debug|Any CPU.ActiveCfg = Debug|Any CPU
		{4875E127-449A-4795-90FE-82E04C57963C}.Debug|Any CPU.Build.0 = Debug|Any CPU
		{4875E127-449A-4795-90FE-82E04C57963C}.Release|Any CPU.ActiveCfg = Release|Any CPU
		{4875E127-449A-4795-90FE-82E04C57963C}.Release|Any CPU.Build.0 = Release|Any CPU
	EndGlobalSection
	GlobalSection(SolutionProperties) = preSolution
		HideSolutionNode = FALSE
	EndGlobalSection
EndGlobal
